// !$*UTF8*$!
{
	archiveVersion = 1;
	classes = {
	};
	objectVersion = 55;
	objects = {

/* Begin PBXBuildFile section */
		8419EB01285F0903008D90CE /* AppDelegate.swift in Sources */ = {isa = PBXBuildFile; fileRef = 8419EB00285F0903008D90CE /* AppDelegate.swift */; };
		8419EB03285F0903008D90CE /* SceneDelegate.swift in Sources */ = {isa = PBXBuildFile; fileRef = 8419EB02285F0903008D90CE /* SceneDelegate.swift */; };
		8419EB0A285F0905008D90CE /* Assets.xcassets in Resources */ = {isa = PBXBuildFile; fileRef = 8419EB09285F0905008D90CE /* Assets.xcassets */; };
		8419EB0D285F0905008D90CE /* LaunchScreen.storyboard in Resources */ = {isa = PBXBuildFile; fileRef = 8419EB0B285F0905008D90CE /* LaunchScreen.storyboard */; };
		841DEFC4285F28A3003F7CDD /* FindRestaurant.storyboard in Resources */ = {isa = PBXBuildFile; fileRef = 841DEFC3285F28A3003F7CDD /* FindRestaurant.storyboard */; };
		841DEFC6285F28B3003F7CDD /* MangoPick.storyboard in Resources */ = {isa = PBXBuildFile; fileRef = 841DEFC5285F28B3003F7CDD /* MangoPick.storyboard */; };
		841DEFC8285F28C0003F7CDD /* News.storyboard in Resources */ = {isa = PBXBuildFile; fileRef = 841DEFC7285F28C0003F7CDD /* News.storyboard */; };
		841DEFCA285F28CD003F7CDD /* MyInfo.storyboard in Resources */ = {isa = PBXBuildFile; fileRef = 841DEFC9285F28CD003F7CDD /* MyInfo.storyboard */; };
		841DEFCC285F8435003F7CDD /* FindRestaurantViewController.swift in Sources */ = {isa = PBXBuildFile; fileRef = 841DEFCB285F8435003F7CDD /* FindRestaurantViewController.swift */; };
		84AD4BBB285F940000D3AC9C /* TabBarViewController.swift in Sources */ = {isa = PBXBuildFile; fileRef = 84AD4BBA285F940000D3AC9C /* TabBarViewController.swift */; };
		84AD4BBF285F978A00D3AC9C /* Main.storyboard in Resources */ = {isa = PBXBuildFile; fileRef = 84AD4BBE285F978A00D3AC9C /* Main.storyboard */; };
		84AD4BC1285F99CB00D3AC9C /* MyInfoViewController.swift in Sources */ = {isa = PBXBuildFile; fileRef = 84AD4BC0285F99CB00D3AC9C /* MyInfoViewController.swift */; };
		84B5ACC7285F18AB00B3CEA6 /* InitPageViewController.swift in Sources */ = {isa = PBXBuildFile; fileRef = 84B5ACC6285F18AB00B3CEA6 /* InitPageViewController.swift */; };
		84CEFCA12861ABFB00E9ED9F /* FindResCollectionViewCell.swift in Sources */ = {isa = PBXBuildFile; fileRef = 84CEFC9F2861ABFB00E9ED9F /* FindResCollectionViewCell.swift */; };
		84CEFCA22861ABFB00E9ED9F /* FindResCollectionViewCell.xib in Resources */ = {isa = PBXBuildFile; fileRef = 84CEFCA02861ABFB00E9ED9F /* FindResCollectionViewCell.xib */; };
		84CEFCA62861C20B00E9ED9F /* RequestResData.swift in Sources */ = {isa = PBXBuildFile; fileRef = 84CEFCA52861C20B00E9ED9F /* RequestResData.swift */; };
		84CEFCAC28625A7600E9ED9F /* ResImageData.swift in Sources */ = {isa = PBXBuildFile; fileRef = 84CEFCAB28625A7600E9ED9F /* ResImageData.swift */; };
		91179ED9FFA881612EC43E9F /* Pods_week5.framework in Frameworks */ = {isa = PBXBuildFile; fileRef = 9F62CECEC6DAD502BFC05C8B /* Pods_week5.framework */; };
/* End PBXBuildFile section */

/* Begin PBXFileReference section */
		64A1A19FC55643AB9DA19E8B /* Pods-week5.debug.xcconfig */ = {isa = PBXFileReference; includeInIndex = 1; lastKnownFileType = text.xcconfig; name = "Pods-week5.debug.xcconfig"; path = "Target Support Files/Pods-week5/Pods-week5.debug.xcconfig"; sourceTree = "<group>"; };
		8419EAFD285F0903008D90CE /* week5.app */ = {isa = PBXFileReference; explicitFileType = wrapper.application; includeInIndex = 0; path = week5.app; sourceTree = BUILT_PRODUCTS_DIR; };
		8419EB00285F0903008D90CE /* AppDelegate.swift */ = {isa = PBXFileReference; lastKnownFileType = sourcecode.swift; path = AppDelegate.swift; sourceTree = "<group>"; };
		8419EB02285F0903008D90CE /* SceneDelegate.swift */ = {isa = PBXFileReference; lastKnownFileType = sourcecode.swift; path = SceneDelegate.swift; sourceTree = "<group>"; };
		8419EB09285F0905008D90CE /* Assets.xcassets */ = {isa = PBXFileReference; lastKnownFileType = folder.assetcatalog; path = Assets.xcassets; sourceTree = "<group>"; };
		8419EB0C285F0905008D90CE /* Base */ = {isa = PBXFileReference; lastKnownFileType = file.storyboard; name = Base; path = Base.lproj/LaunchScreen.storyboard; sourceTree = "<group>"; };
		8419EB0E285F0905008D90CE /* Info.plist */ = {isa = PBXFileReference; lastKnownFileType = text.plist.xml; path = Info.plist; sourceTree = "<group>"; };
		841DEFC3285F28A3003F7CDD /* FindRestaurant.storyboard */ = {isa = PBXFileReference; lastKnownFileType = file.storyboard; path = FindRestaurant.storyboard; sourceTree = "<group>"; };
		841DEFC5285F28B3003F7CDD /* MangoPick.storyboard */ = {isa = PBXFileReference; lastKnownFileType = file.storyboard; path = MangoPick.storyboard; sourceTree = "<group>"; };
		841DEFC7285F28C0003F7CDD /* News.storyboard */ = {isa = PBXFileReference; lastKnownFileType = file.storyboard; path = News.storyboard; sourceTree = "<group>"; };
		841DEFC9285F28CD003F7CDD /* MyInfo.storyboard */ = {isa = PBXFileReference; lastKnownFileType = file.storyboard; path = MyInfo.storyboard; sourceTree = "<group>"; };
		841DEFCB285F8435003F7CDD /* FindRestaurantViewController.swift */ = {isa = PBXFileReference; lastKnownFileType = sourcecode.swift; path = FindRestaurantViewController.swift; sourceTree = "<group>"; };
		84AD4BBA285F940000D3AC9C /* TabBarViewController.swift */ = {isa = PBXFileReference; lastKnownFileType = sourcecode.swift; path = TabBarViewController.swift; sourceTree = "<group>"; };
		84AD4BBE285F978A00D3AC9C /* Main.storyboard */ = {isa = PBXFileReference; fileEncoding = 4; lastKnownFileType = file.storyboard; path = Main.storyboard; sourceTree = "<group>"; };
		84AD4BC0285F99CB00D3AC9C /* MyInfoViewController.swift */ = {isa = PBXFileReference; lastKnownFileType = sourcecode.swift; path = MyInfoViewController.swift; sourceTree = "<group>"; };
		84B5ACC6285F18AB00B3CEA6 /* InitPageViewController.swift */ = {isa = PBXFileReference; lastKnownFileType = sourcecode.swift; path = InitPageViewController.swift; sourceTree = "<group>"; };
		84CEFC9F2861ABFB00E9ED9F /* FindResCollectionViewCell.swift */ = {isa = PBXFileReference; lastKnownFileType = sourcecode.swift; path = FindResCollectionViewCell.swift; sourceTree = "<group>"; };
		84CEFCA02861ABFB00E9ED9F /* FindResCollectionViewCell.xib */ = {isa = PBXFileReference; lastKnownFileType = file.xib; path = FindResCollectionViewCell.xib; sourceTree = "<group>"; };
		84CEFCA52861C20B00E9ED9F /* RequestResData.swift */ = {isa = PBXFileReference; lastKnownFileType = sourcecode.swift; path = RequestResData.swift; sourceTree = "<group>"; };
		84CEFCAB28625A7600E9ED9F /* ResImageData.swift */ = {isa = PBXFileReference; lastKnownFileType = sourcecode.swift; path = ResImageData.swift; sourceTree = "<group>"; };
		9F62CECEC6DAD502BFC05C8B /* Pods_week5.framework */ = {isa = PBXFileReference; explicitFileType = wrapper.framework; includeInIndex = 0; path = Pods_week5.framework; sourceTree = BUILT_PRODUCTS_DIR; };
		A0A9A6860BC9AFBB296E9923 /* Pods-week5.release.xcconfig */ = {isa = PBXFileReference; includeInIndex = 1; lastKnownFileType = text.xcconfig; name = "Pods-week5.release.xcconfig"; path = "Target Support Files/Pods-week5/Pods-week5.release.xcconfig"; sourceTree = "<group>"; };
/* End PBXFileReference section */

/* Begin PBXFrameworksBuildPhase section */
		8419EAFA285F0903008D90CE /* Frameworks */ = {
			isa = PBXFrameworksBuildPhase;
			buildActionMask = 2147483647;
			files = (
				91179ED9FFA881612EC43E9F /* Pods_week5.framework in Frameworks */,
			);
			runOnlyForDeploymentPostprocessing = 0;
		};
/* End PBXFrameworksBuildPhase section */

/* Begin PBXGroup section */
		6C924D937DA3659463DCA796 /* Pods */ = {
			isa = PBXGroup;
			children = (
				64A1A19FC55643AB9DA19E8B /* Pods-week5.debug.xcconfig */,
				A0A9A6860BC9AFBB296E9923 /* Pods-week5.release.xcconfig */,
			);
			path = Pods;
			sourceTree = "<group>";
		};
		734A82AB6F9FD02FF66159D7 /* Frameworks */ = {
			isa = PBXGroup;
			children = (
				9F62CECEC6DAD502BFC05C8B /* Pods_week5.framework */,
			);
			name = Frameworks;
			sourceTree = "<group>";
		};
		8419EAF4285F0903008D90CE = {
			isa = PBXGroup;
			children = (
				8419EAFF285F0903008D90CE /* week5 */,
				8419EAFE285F0903008D90CE /* Products */,
				6C924D937DA3659463DCA796 /* Pods */,
				734A82AB6F9FD02FF66159D7 /* Frameworks */,
			);
			sourceTree = "<group>";
		};
		8419EAFE285F0903008D90CE /* Products */ = {
			isa = PBXGroup;
			children = (
				8419EAFD285F0903008D90CE /* week5.app */,
			);
			name = Products;
			sourceTree = "<group>";
		};
		8419EAFF285F0903008D90CE /* week5 */ = {
			isa = PBXGroup;
			children = (
				8419EB00285F0903008D90CE /* AppDelegate.swift */,
				8419EB02285F0903008D90CE /* SceneDelegate.swift */,
				8419EB0B285F0905008D90CE /* LaunchScreen.storyboard */,
				84AD4BBE285F978A00D3AC9C /* Main.storyboard */,
				84B5ACC6285F18AB00B3CEA6 /* InitPageViewController.swift */,
				84AD4BBA285F940000D3AC9C /* TabBarViewController.swift */,
				841DEFC3285F28A3003F7CDD /* FindRestaurant.storyboard */,
				841DEFCB285F8435003F7CDD /* FindRestaurantViewController.swift */,
				841DEFC5285F28B3003F7CDD /* MangoPick.storyboard */,
				841DEFC7285F28C0003F7CDD /* News.storyboard */,
				841DEFC9285F28CD003F7CDD /* MyInfo.storyboard */,
				84AD4BC0285F99CB00D3AC9C /* MyInfoViewController.swift */,
				8419EB09285F0905008D90CE /* Assets.xcassets */,
				8419EB0E285F0905008D90CE /* Info.plist */,
				84CEFC9F2861ABFB00E9ED9F /* FindResCollectionViewCell.swift */,
				84CEFCA02861ABFB00E9ED9F /* FindResCollectionViewCell.xib */,
				84CEFCA52861C20B00E9ED9F /* RequestResData.swift */,
				84CEFCAB28625A7600E9ED9F /* ResImageData.swift */,
			);
			path = week5;
			sourceTree = "<group>";
		};
/* End PBXGroup section */

/* Begin PBXNativeTarget section */
		8419EAFC285F0903008D90CE /* week5 */ = {
			isa = PBXNativeTarget;
			buildConfigurationList = 8419EB11285F0905008D90CE /* Build configuration list for PBXNativeTarget "week5" */;
			buildPhases = (
				8289E51FE1C62250616BC908 /* [CP] Check Pods Manifest.lock */,
				8419EAF9285F0903008D90CE /* Sources */,
				8419EAFA285F0903008D90CE /* Frameworks */,
				8419EAFB285F0903008D90CE /* Resources */,
				451A96CA4DEB6317869FAF59 /* [CP] Embed Pods Frameworks */,
			);
			buildRules = (
			);
			dependencies = (
			);
			name = week5;
			productName = week5;
			productReference = 8419EAFD285F0903008D90CE /* week5.app */;
			productType = "com.apple.product-type.application";
		};
/* End PBXNativeTarget section */

/* Begin PBXProject section */
		8419EAF5285F0903008D90CE /* Project object */ = {
			isa = PBXProject;
			attributes = {
				BuildIndependentTargetsInParallel = 1;
				LastSwiftUpdateCheck = 1340;
				LastUpgradeCheck = 1340;
				TargetAttributes = {
					8419EAFC285F0903008D90CE = {
						CreatedOnToolsVersion = 13.4;
					};
				};
			};
			buildConfigurationList = 8419EAF8285F0903008D90CE /* Build configuration list for PBXProject "week5" */;
			compatibilityVersion = "Xcode 13.0";
			developmentRegion = en;
			hasScannedForEncodings = 0;
			knownRegions = (
				en,
				Base,
			);
			mainGroup = 8419EAF4285F0903008D90CE;
			productRefGroup = 8419EAFE285F0903008D90CE /* Products */;
			projectDirPath = "";
			projectRoot = "";
			targets = (
				8419EAFC285F0903008D90CE /* week5 */,
			);
		};
/* End PBXProject section */

/* Begin PBXResourcesBuildPhase section */
		8419EAFB285F0903008D90CE /* Resources */ = {
			isa = PBXResourcesBuildPhase;
			buildActionMask = 2147483647;
			files = (
				84CEFCA22861ABFB00E9ED9F /* FindResCollectionViewCell.xib in Resources */,
				841DEFC4285F28A3003F7CDD /* FindRestaurant.storyboard in Resources */,
				8419EB0D285F0905008D90CE /* LaunchScreen.storyboard in Resources */,
				841DEFCA285F28CD003F7CDD /* MyInfo.storyboard in Resources */,
				84AD4BBF285F978A00D3AC9C /* Main.storyboard in Resources */,
				8419EB0A285F0905008D90CE /* Assets.xcassets in Resources */,
				841DEFC8285F28C0003F7CDD /* News.storyboard in Resources */,
				841DEFC6285F28B3003F7CDD /* MangoPick.storyboard in Resources */,
			);
			runOnlyForDeploymentPostprocessing = 0;
		};
/* End PBXResourcesBuildPhase section */

/* Begin PBXShellScriptBuildPhase section */
		451A96CA4DEB6317869FAF59 /* [CP] Embed Pods Frameworks */ = {
			isa = PBXShellScriptBuildPhase;
			buildActionMask = 2147483647;
			files = (
			);
			inputFileListPaths = (
				"${PODS_ROOT}/Target Support Files/Pods-week5/Pods-week5-frameworks-${CONFIGURATION}-input-files.xcfilelist",
			);
			name = "[CP] Embed Pods Frameworks";
			outputFileListPaths = (
				"${PODS_ROOT}/Target Support Files/Pods-week5/Pods-week5-frameworks-${CONFIGURATION}-output-files.xcfilelist",
			);
			runOnlyForDeploymentPostprocessing = 0;
			shellPath = /bin/sh;
			shellScript = "\"${PODS_ROOT}/Target Support Files/Pods-week5/Pods-week5-frameworks.sh\"\n";
			showEnvVarsInLog = 0;
		};
		8289E51FE1C62250616BC908 /* [CP] Check Pods Manifest.lock */ = {
			isa = PBXShellScriptBuildPhase;
			buildActionMask = 2147483647;
			files = (
			);
			inputFileListPaths = (
			);
			inputPaths = (
				"${PODS_PODFILE_DIR_PATH}/Podfile.lock",
				"${PODS_ROOT}/Manifest.lock",
			);
			name = "[CP] Check Pods Manifest.lock";
			outputFileListPaths = (
			);
			outputPaths = (
				"$(DERIVED_FILE_DIR)/Pods-week5-checkManifestLockResult.txt",
			);
			runOnlyForDeploymentPostprocessing = 0;
			shellPath = /bin/sh;
			shellScript = "diff \"${PODS_PODFILE_DIR_PATH}/Podfile.lock\" \"${PODS_ROOT}/Manifest.lock\" > /dev/null\nif [ $? != 0 ] ; then\n    # print error to STDERR\n    echo \"error: The sandbox is not in sync with the Podfile.lock. Run 'pod install' or update your CocoaPods installation.\" >&2\n    exit 1\nfi\n# This output is used by Xcode 'outputs' to avoid re-running this script phase.\necho \"SUCCESS\" > \"${SCRIPT_OUTPUT_FILE_0}\"\n";
			showEnvVarsInLog = 0;
		};
/* End PBXShellScriptBuildPhase section */

/* Begin PBXSourcesBuildPhase section */
		8419EAF9285F0903008D90CE /* Sources */ = {
			isa = PBXSourcesBuildPhase;
			buildActionMask = 2147483647;
			files = (
				8419EB01285F0903008D90CE /* AppDelegate.swift in Sources */,
				84B5ACC7285F18AB00B3CEA6 /* InitPageViewController.swift in Sources */,
				8419EB03285F0903008D90CE /* SceneDelegate.swift in Sources */,
				84CEFCA62861C20B00E9ED9F /* RequestResData.swift in Sources */,
				84AD4BBB285F940000D3AC9C /* TabBarViewController.swift in Sources */,
				84CEFCA12861ABFB00E9ED9F /* FindResCollectionViewCell.swift in Sources */,
				84CEFCAC28625A7600E9ED9F /* ResImageData.swift in Sources */,
				84AD4BC1285F99CB00D3AC9C /* MyInfoViewController.swift in Sources */,
				841DEFCC285F8435003F7CDD /* FindRestaurantViewController.swift in Sources */,
			);
			runOnlyForDeploymentPostprocessing = 0;
		};
/* End PBXSourcesBuildPhase section */

/* Begin PBXVariantGroup section */
		8419EB0B285F0905008D90CE /* LaunchScreen.storyboard */ = {
			isa = PBXVariantGroup;
			children = (
				8419EB0C285F0905008D90CE /* Base */,
			);
			name = LaunchScreen.storyboard;
			sourceTree = "<group>";
		};
/* End PBXVariantGroup section */

/* Begin XCBuildConfiguration section */
		8419EB0F285F0905008D90CE /* Debug */ = {
			isa = XCBuildConfiguration;
			buildSettings = {
				ALWAYS_SEARCH_USER_PATHS = NO;
				CLANG_ANALYZER_NONNULL = YES;
				CLANG_ANALYZER_NUMBER_OBJECT_CONVERSION = YES_AGGRESSIVE;
				CLANG_CXX_LANGUAGE_STANDARD = "gnu++17";
				CLANG_ENABLE_MODULES = YES;
				CLANG_ENABLE_OBJC_ARC = YES;
				CLANG_ENABLE_OBJC_WEAK = YES;
				CLANG_WARN_BLOCK_CAPTURE_AUTORELEASING = YES;
				CLANG_WARN_BOOL_CONVERSION = YES;
				CLANG_WARN_COMMA = YES;
				CLANG_WARN_CONSTANT_CONVERSION = YES;
				CLANG_WARN_DEPRECATED_OBJC_IMPLEMENTATIONS = YES;
				CLANG_WARN_DIRECT_OBJC_ISA_USAGE = YES_ERROR;
				CLANG_WARN_DOCUMENTATION_COMMENTS = YES;
				CLANG_WARN_EMPTY_BODY = YES;
				CLANG_WARN_ENUM_CONVERSION = YES;
				CLANG_WARN_INFINITE_RECURSION = YES;
				CLANG_WARN_INT_CONVERSION = YES;
				CLANG_WARN_NON_LITERAL_NULL_CONVERSION = YES;
				CLANG_WARN_OBJC_IMPLICIT_RETAIN_SELF = YES;
				CLANG_WARN_OBJC_LITERAL_CONVERSION = YES;
				CLANG_WARN_OBJC_ROOT_CLASS = YES_ERROR;
				CLANG_WARN_QUOTED_INCLUDE_IN_FRAMEWORK_HEADER = YES;
				CLANG_WARN_RANGE_LOOP_ANALYSIS = YES;
				CLANG_WARN_STRICT_PROTOTYPES = YES;
				CLANG_WARN_SUSPICIOUS_MOVE = YES;
				CLANG_WARN_UNGUARDED_AVAILABILITY = YES_AGGRESSIVE;
				CLANG_WARN_UNREACHABLE_CODE = YES;
				CLANG_WARN__DUPLICATE_METHOD_MATCH = YES;
				COPY_PHASE_STRIP = NO;
				DEBUG_INFORMATION_FORMAT = dwarf;
				ENABLE_STRICT_OBJC_MSGSEND = YES;
				ENABLE_TESTABILITY = YES;
				GCC_C_LANGUAGE_STANDARD = gnu11;
				GCC_DYNAMIC_NO_PIC = NO;
				GCC_NO_COMMON_BLOCKS = YES;
				GCC_OPTIMIZATION_LEVEL = 0;
				GCC_PREPROCESSOR_DEFINITIONS = (
					"DEBUG=1",
					"$(inherited)",
				);
				GCC_WARN_64_TO_32_BIT_CONVERSION = YES;
				GCC_WARN_ABOUT_RETURN_TYPE = YES_ERROR;
				GCC_WARN_UNDECLARED_SELECTOR = YES;
				GCC_WARN_UNINITIALIZED_AUTOS = YES_AGGRESSIVE;
				GCC_WARN_UNUSED_FUNCTION = YES;
				GCC_WARN_UNUSED_VARIABLE = YES;
				IPHONEOS_DEPLOYMENT_TARGET = 15.5;
				MTL_ENABLE_DEBUG_INFO = INCLUDE_SOURCE;
				MTL_FAST_MATH = YES;
				ONLY_ACTIVE_ARCH = YES;
				SDKROOT = iphoneos;
				SWIFT_ACTIVE_COMPILATION_CONDITIONS = DEBUG;
				SWIFT_OPTIMIZATION_LEVEL = "-Onone";
			};
			name = Debug;
		};
		8419EB10285F0905008D90CE /* Release */ = {
			isa = XCBuildConfiguration;
			buildSettings = {
				ALWAYS_SEARCH_USER_PATHS = NO;
				CLANG_ANALYZER_NONNULL = YES;
				CLANG_ANALYZER_NUMBER_OBJECT_CONVERSION = YES_AGGRESSIVE;
				CLANG_CXX_LANGUAGE_STANDARD = "gnu++17";
				CLANG_ENABLE_MODULES = YES;
				CLANG_ENABLE_OBJC_ARC = YES;
				CLANG_ENABLE_OBJC_WEAK = YES;
				CLANG_WARN_BLOCK_CAPTURE_AUTORELEASING = YES;
				CLANG_WARN_BOOL_CONVERSION = YES;
				CLANG_WARN_COMMA = YES;
				CLANG_WARN_CONSTANT_CONVERSION = YES;
				CLANG_WARN_DEPRECATED_OBJC_IMPLEMENTATIONS = YES;
				CLANG_WARN_DIRECT_OBJC_ISA_USAGE = YES_ERROR;
				CLANG_WARN_DOCUMENTATION_COMMENTS = YES;
				CLANG_WARN_EMPTY_BODY = YES;
				CLANG_WARN_ENUM_CONVERSION = YES;
				CLANG_WARN_INFINITE_RECURSION = YES;
				CLANG_WARN_INT_CONVERSION = YES;
				CLANG_WARN_NON_LITERAL_NULL_CONVERSION = YES;
				CLANG_WARN_OBJC_IMPLICIT_RETAIN_SELF = YES;
				CLANG_WARN_OBJC_LITERAL_CONVERSION = YES;
				CLANG_WARN_OBJC_ROOT_CLASS = YES_ERROR;
				CLANG_WARN_QUOTED_INCLUDE_IN_FRAMEWORK_HEADER = YES;
				CLANG_WARN_RANGE_LOOP_ANALYSIS = YES;
				CLANG_WARN_STRICT_PROTOTYPES = YES;
				CLANG_WARN_SUSPICIOUS_MOVE = YES;
				CLANG_WARN_UNGUARDED_AVAILABILITY = YES_AGGRESSIVE;
				CLANG_WARN_UNREACHABLE_CODE = YES;
				CLANG_WARN__DUPLICATE_METHOD_MATCH = YES;
				COPY_PHASE_STRIP = NO;
				DEBUG_INFORMATION_FORMAT = "dwarf-with-dsym";
				ENABLE_NS_ASSERTIONS = NO;
				ENABLE_STRICT_OBJC_MSGSEND = YES;
				GCC_C_LANGUAGE_STANDARD = gnu11;
				GCC_NO_COMMON_BLOCKS = YES;
				GCC_WARN_64_TO_32_BIT_CONVERSION = YES;
				GCC_WARN_ABOUT_RETURN_TYPE = YES_ERROR;
				GCC_WARN_UNDECLARED_SELECTOR = YES;
				GCC_WARN_UNINITIALIZED_AUTOS = YES_AGGRESSIVE;
				GCC_WARN_UNUSED_FUNCTION = YES;
				GCC_WARN_UNUSED_VARIABLE = YES;
				IPHONEOS_DEPLOYMENT_TARGET = 15.5;
				MTL_ENABLE_DEBUG_INFO = NO;
				MTL_FAST_MATH = YES;
				SDKROOT = iphoneos;
				SWIFT_COMPILATION_MODE = wholemodule;
				SWIFT_OPTIMIZATION_LEVEL = "-O";
				VALIDATE_PRODUCT = YES;
			};
			name = Release;
		};
		8419EB12285F0905008D90CE /* Debug */ = {
			isa = XCBuildConfiguration;
			baseConfigurationReference = 64A1A19FC55643AB9DA19E8B /* Pods-week5.debug.xcconfig */;
			buildSettings = {
				ASSETCATALOG_COMPILER_APPICON_NAME = AppIcon;
				ASSETCATALOG_COMPILER_GLOBAL_ACCENT_COLOR_NAME = AccentColor;
				CODE_SIGN_STYLE = Automatic;
				CURRENT_PROJECT_VERSION = 1;
				DEVELOPMENT_TEAM = 6NXQDZ68FD;
				GENERATE_INFOPLIST_FILE = YES;
				INFOPLIST_FILE = week5/Info.plist;
				INFOPLIST_KEY_UIApplicationSupportsIndirectInputEvents = YES;
				INFOPLIST_KEY_UILaunchStoryboardName = LaunchScreen;
				INFOPLIST_KEY_UIMainStoryboardFile = Main;
				INFOPLIST_KEY_UISupportedInterfaceOrientations_iPad = "UIInterfaceOrientationPortrait UIInterfaceOrientationPortraitUpsideDown UIInterfaceOrientationLandscapeLeft UIInterfaceOrientationLandscapeRight";
				INFOPLIST_KEY_UISupportedInterfaceOrientations_iPhone = "UIInterfaceOrientationPortrait UIInterfaceOrientationLandscapeLeft UIInterfaceOrientationLandscapeRight";
				LD_RUNPATH_SEARCH_PATHS = (
					"$(inherited)",
					"@executable_path/Frameworks",
				);
				MARKETING_VERSION = 1.0;
				PRODUCT_BUNDLE_IDENTIFIER = kr.co.yongin.week5;
				PRODUCT_NAME = "$(TARGET_NAME)";
				SWIFT_EMIT_LOC_STRINGS = YES;
				SWIFT_VERSION = 5.0;
				TARGETED_DEVICE_FAMILY = "1,2";
			};
			name = Debug;
		};
		8419EB13285F0905008D90CE /* Release */ = {
			isa = XCBuildConfiguration;
			baseConfigurationReference = A0A9A6860BC9AFBB296E9923 /* Pods-week5.release.xcconfig */;
			buildSettings = {
				ASSETCATALOG_COMPILER_APPICON_NAME = AppIcon;
				ASSETCATALOG_COMPILER_GLOBAL_ACCENT_COLOR_NAME = AccentColor;
				CODE_SIGN_STYLE = Automatic;
				CURRENT_PROJECT_VERSION = 1;
				DEVELOPMENT_TEAM = 6NXQDZ68FD;
				GENERATE_INFOPLIST_FILE = YES;
				INFOPLIST_FILE = week5/Info.plist;
				INFOPLIST_KEY_UIApplicationSupportsIndirectInputEvents = YES;
				INFOPLIST_KEY_UILaunchStoryboardName = LaunchScreen;
				INFOPLIST_KEY_UIMainStoryboardFile = Main;
				INFOPLIST_KEY_UISupportedInterfaceOrientations_iPad = "UIInterfaceOrientationPortrait UIInterfaceOrientationPortraitUpsideDown UIInterfaceOrientationLandscapeLeft UIInterfaceOrientationLandscapeRight";
				INFOPLIST_KEY_UISupportedInterfaceOrientations_iPhone = "UIInterfaceOrientationPortrait UIInterfaceOrientationLandscapeLeft UIInterfaceOrientationLandscapeRight";
				LD_RUNPATH_SEARCH_PATHS = (
					"$(inherited)",
					"@executable_path/Frameworks",
				);
				MARKETING_VERSION = 1.0;
				PRODUCT_BUNDLE_IDENTIFIER = kr.co.yongin.week5;
				PRODUCT_NAME = "$(TARGET_NAME)";
				SWIFT_EMIT_LOC_STRINGS = YES;
				SWIFT_VERSION = 5.0;
				TARGETED_DEVICE_FAMILY = "1,2";
			};
			name = Release;
		};
/* End XCBuildConfiguration section */

/* Begin XCConfigurationList section */
		8419EAF8285F0903008D90CE /* Build configuration list for PBXProject "week5" */ = {
			isa = XCConfigurationList;
			buildConfigurations = (
				8419EB0F285F0905008D90CE /* Debug */,
				8419EB10285F0905008D90CE /* Release */,
			);
			defaultConfigurationIsVisible = 0;
			defaultConfigurationName = Release;
		};
		8419EB11285F0905008D90CE /* Build configuration list for PBXNativeTarget "week5" */ = {
			isa = XCConfigurationList;
			buildConfigurations = (
				8419EB12285F0905008D90CE /* Debug */,
				8419EB13285F0905008D90CE /* Release */,
			);
			defaultConfigurationIsVisible = 0;
			defaultConfigurationName = Release;
		};
/* End XCConfigurationList section */
	};
	rootObject = 8419EAF5285F0903008D90CE /* Project object */;
}
