// !$*UTF8*$!
{
	archiveVersion = 1;
	classes = {
	};
	objectVersion = 55;
	objects = {

/* Begin PBXBuildFile section */
		30C5C6DA95B918C968CDD6B9 /* Pods_Week3.framework in Frameworks */ = {isa = PBXBuildFile; fileRef = 7B36E150C47005DD8C980234 /* Pods_Week3.framework */; };
		841DAB572846056C00F33F94 /* AppDelegate.swift in Sources */ = {isa = PBXBuildFile; fileRef = 841DAB562846056C00F33F94 /* AppDelegate.swift */; };
		841DAB592846056C00F33F94 /* SceneDelegate.swift in Sources */ = {isa = PBXBuildFile; fileRef = 841DAB582846056C00F33F94 /* SceneDelegate.swift */; };
		841DAB5B2846056C00F33F94 /* ViewController.swift in Sources */ = {isa = PBXBuildFile; fileRef = 841DAB5A2846056C00F33F94 /* ViewController.swift */; };
		841DAB5E2846056C00F33F94 /* Main.storyboard in Resources */ = {isa = PBXBuildFile; fileRef = 841DAB5C2846056C00F33F94 /* Main.storyboard */; };
		841DAB602846056D00F33F94 /* Assets.xcassets in Resources */ = {isa = PBXBuildFile; fileRef = 841DAB5F2846056D00F33F94 /* Assets.xcassets */; };
		841DAB632846056D00F33F94 /* LaunchScreen.storyboard in Resources */ = {isa = PBXBuildFile; fileRef = 841DAB612846056D00F33F94 /* LaunchScreen.storyboard */; };
		841DAB6D28460B1800F33F94 /* BMHANNAProOTF.otf in Resources */ = {isa = PBXBuildFile; fileRef = 841DAB6B28460AFB00F33F94 /* BMHANNAProOTF.otf */; };
		841DAB6E28460B1B00F33F94 /* BMHANNAAir_otf.otf in Resources */ = {isa = PBXBuildFile; fileRef = 841DAB6C28460AFC00F33F94 /* BMHANNAAir_otf.otf */; };
/* End PBXBuildFile section */

/* Begin PBXFileReference section */
		7B36E150C47005DD8C980234 /* Pods_Week3.framework */ = {isa = PBXFileReference; explicitFileType = wrapper.framework; includeInIndex = 0; path = Pods_Week3.framework; sourceTree = BUILT_PRODUCTS_DIR; };
		841DAB532846056C00F33F94 /* Week3.app */ = {isa = PBXFileReference; explicitFileType = wrapper.application; includeInIndex = 0; path = Week3.app; sourceTree = BUILT_PRODUCTS_DIR; };
		841DAB562846056C00F33F94 /* AppDelegate.swift */ = {isa = PBXFileReference; lastKnownFileType = sourcecode.swift; path = AppDelegate.swift; sourceTree = "<group>"; };
		841DAB582846056C00F33F94 /* SceneDelegate.swift */ = {isa = PBXFileReference; lastKnownFileType = sourcecode.swift; path = SceneDelegate.swift; sourceTree = "<group>"; };
		841DAB5A2846056C00F33F94 /* ViewController.swift */ = {isa = PBXFileReference; lastKnownFileType = sourcecode.swift; path = ViewController.swift; sourceTree = "<group>"; };
		841DAB5D2846056C00F33F94 /* Base */ = {isa = PBXFileReference; lastKnownFileType = file.storyboard; name = Base; path = Base.lproj/Main.storyboard; sourceTree = "<group>"; };
		841DAB5F2846056D00F33F94 /* Assets.xcassets */ = {isa = PBXFileReference; lastKnownFileType = folder.assetcatalog; path = Assets.xcassets; sourceTree = "<group>"; };
		841DAB622846056D00F33F94 /* Base */ = {isa = PBXFileReference; lastKnownFileType = file.storyboard; name = Base; path = Base.lproj/LaunchScreen.storyboard; sourceTree = "<group>"; };
		841DAB642846056D00F33F94 /* Info.plist */ = {isa = PBXFileReference; lastKnownFileType = text.plist.xml; path = Info.plist; sourceTree = "<group>"; };
		841DAB6B28460AFB00F33F94 /* BMHANNAProOTF.otf */ = {isa = PBXFileReference; lastKnownFileType = file; path = BMHANNAProOTF.otf; sourceTree = "<group>"; };
		841DAB6C28460AFC00F33F94 /* BMHANNAAir_otf.otf */ = {isa = PBXFileReference; lastKnownFileType = file; path = BMHANNAAir_otf.otf; sourceTree = "<group>"; };
		9E66ED13DCDCAE9EB7C86E58 /* Pods-Week3.release.xcconfig */ = {isa = PBXFileReference; includeInIndex = 1; lastKnownFileType = text.xcconfig; name = "Pods-Week3.release.xcconfig"; path = "Target Support Files/Pods-Week3/Pods-Week3.release.xcconfig"; sourceTree = "<group>"; };
		C9490D1B26795EDDACD25961 /* Pods-Week3.debug.xcconfig */ = {isa = PBXFileReference; includeInIndex = 1; lastKnownFileType = text.xcconfig; name = "Pods-Week3.debug.xcconfig"; path = "Target Support Files/Pods-Week3/Pods-Week3.debug.xcconfig"; sourceTree = "<group>"; };
/* End PBXFileReference section */

/* Begin PBXFrameworksBuildPhase section */
		841DAB502846056C00F33F94 /* Frameworks */ = {
			isa = PBXFrameworksBuildPhase;
			buildActionMask = 2147483647;
			files = (
				30C5C6DA95B918C968CDD6B9 /* Pods_Week3.framework in Frameworks */,
			);
			runOnlyForDeploymentPostprocessing = 0;
		};
/* End PBXFrameworksBuildPhase section */

/* Begin PBXGroup section */
		33AEA029D5C810607C16E337 /* Frameworks */ = {
			isa = PBXGroup;
			children = (
				7B36E150C47005DD8C980234 /* Pods_Week3.framework */,
			);
			name = Frameworks;
			sourceTree = "<group>";
		};
		587A99EB070DC5C46BE46A6D /* Pods */ = {
			isa = PBXGroup;
			children = (
				C9490D1B26795EDDACD25961 /* Pods-Week3.debug.xcconfig */,
				9E66ED13DCDCAE9EB7C86E58 /* Pods-Week3.release.xcconfig */,
			);
			path = Pods;
			sourceTree = "<group>";
		};
		841DAB4A2846056B00F33F94 = {
			isa = PBXGroup;
			children = (
				841DAB552846056C00F33F94 /* Week3 */,
				841DAB542846056C00F33F94 /* Products */,
				587A99EB070DC5C46BE46A6D /* Pods */,
				33AEA029D5C810607C16E337 /* Frameworks */,
			);
			sourceTree = "<group>";
		};
		841DAB542846056C00F33F94 /* Products */ = {
			isa = PBXGroup;
			children = (
				841DAB532846056C00F33F94 /* Week3.app */,
			);
			name = Products;
			sourceTree = "<group>";
		};
		841DAB552846056C00F33F94 /* Week3 */ = {
			isa = PBXGroup;
			children = (
				841DAB6A28460AE500F33F94 /* font */,
				841DAB562846056C00F33F94 /* AppDelegate.swift */,
				841DAB582846056C00F33F94 /* SceneDelegate.swift */,
				841DAB5A2846056C00F33F94 /* ViewController.swift */,
				841DAB5C2846056C00F33F94 /* Main.storyboard */,
				841DAB5F2846056D00F33F94 /* Assets.xcassets */,
				841DAB612846056D00F33F94 /* LaunchScreen.storyboard */,
				841DAB642846056D00F33F94 /* Info.plist */,
			);
			path = Week3;
			sourceTree = "<group>";
		};
		841DAB6A28460AE500F33F94 /* font */ = {
			isa = PBXGroup;
			children = (
				841DAB6C28460AFC00F33F94 /* BMHANNAAir_otf.otf */,
				841DAB6B28460AFB00F33F94 /* BMHANNAProOTF.otf */,
			);
			path = font;
			sourceTree = "<group>";
		};
/* End PBXGroup section */

/* Begin PBXNativeTarget section */
		841DAB522846056C00F33F94 /* Week3 */ = {
			isa = PBXNativeTarget;
			buildConfigurationList = 841DAB672846056D00F33F94 /* Build configuration list for PBXNativeTarget "Week3" */;
			buildPhases = (
				2EBB1EC387588DD572CED1E8 /* [CP] Check Pods Manifest.lock */,
				841DAB4F2846056C00F33F94 /* Sources */,
				841DAB502846056C00F33F94 /* Frameworks */,
				841DAB512846056C00F33F94 /* Resources */,
				1FCC46E430C1F27D0B0B196B /* [CP] Embed Pods Frameworks */,
			);
			buildRules = (
			);
			dependencies = (
			);
			name = Week3;
			productName = Week3;
			productReference = 841DAB532846056C00F33F94 /* Week3.app */;
			productType = "com.apple.product-type.application";
		};
/* End PBXNativeTarget section */

/* Begin PBXProject section */
		841DAB4B2846056B00F33F94 /* Project object */ = {
			isa = PBXProject;
			attributes = {
				BuildIndependentTargetsInParallel = 1;
				LastSwiftUpdateCheck = 1340;
				LastUpgradeCheck = 1340;
				TargetAttributes = {
					841DAB522846056C00F33F94 = {
						CreatedOnToolsVersion = 13.4;
					};
				};
			};
			buildConfigurationList = 841DAB4E2846056B00F33F94 /* Build configuration list for PBXProject "Week3" */;
			compatibilityVersion = "Xcode 13.0";
			developmentRegion = en;
			hasScannedForEncodings = 0;
			knownRegions = (
				en,
				Base,
			);
			mainGroup = 841DAB4A2846056B00F33F94;
			productRefGroup = 841DAB542846056C00F33F94 /* Products */;
			projectDirPath = "";
			projectRoot = "";
			targets = (
				841DAB522846056C00F33F94 /* Week3 */,
			);
		};
/* End PBXProject section */

/* Begin PBXResourcesBuildPhase section */
		841DAB512846056C00F33F94 /* Resources */ = {
			isa = PBXResourcesBuildPhase;
			buildActionMask = 2147483647;
			files = (
				841DAB632846056D00F33F94 /* LaunchScreen.storyboard in Resources */,
				841DAB602846056D00F33F94 /* Assets.xcassets in Resources */,
				841DAB5E2846056C00F33F94 /* Main.storyboard in Resources */,
				841DAB6D28460B1800F33F94 /* BMHANNAProOTF.otf in Resources */,
				841DAB6E28460B1B00F33F94 /* BMHANNAAir_otf.otf in Resources */,
			);
			runOnlyForDeploymentPostprocessing = 0;
		};
/* End PBXResourcesBuildPhase section */

/* Begin PBXShellScriptBuildPhase section */
		1FCC46E430C1F27D0B0B196B /* [CP] Embed Pods Frameworks */ = {
			isa = PBXShellScriptBuildPhase;
			buildActionMask = 2147483647;
			files = (
			);
			inputFileListPaths = (
				"${PODS_ROOT}/Target Support Files/Pods-Week3/Pods-Week3-frameworks-${CONFIGURATION}-input-files.xcfilelist",
			);
			name = "[CP] Embed Pods Frameworks";
			outputFileListPaths = (
				"${PODS_ROOT}/Target Support Files/Pods-Week3/Pods-Week3-frameworks-${CONFIGURATION}-output-files.xcfilelist",
			);
			runOnlyForDeploymentPostprocessing = 0;
			shellPath = /bin/sh;
			shellScript = "\"${PODS_ROOT}/Target Support Files/Pods-Week3/Pods-Week3-frameworks.sh\"\n";
			showEnvVarsInLog = 0;
		};
		2EBB1EC387588DD572CED1E8 /* [CP] Check Pods Manifest.lock */ = {
			isa = PBXShellScriptBuildPhase;
			buildActionMask = 2147483647;
			files = (
			);
			inputFileListPaths = (
			);
			inputPaths = (
				"${PODS_PODFILE_DIR_PATH}/Podfile.lock",
				"${PODS_ROOT}/Manifest.lock",
			);
			name = "[CP] Check Pods Manifest.lock";
			outputFileListPaths = (
			);
			outputPaths = (
				"$(DERIVED_FILE_DIR)/Pods-Week3-checkManifestLockResult.txt",
			);
			runOnlyForDeploymentPostprocessing = 0;
			shellPath = /bin/sh;
			shellScript = "diff \"${PODS_PODFILE_DIR_PATH}/Podfile.lock\" \"${PODS_ROOT}/Manifest.lock\" > /dev/null\nif [ $? != 0 ] ; then\n    # print error to STDERR\n    echo \"error: The sandbox is not in sync with the Podfile.lock. Run 'pod install' or update your CocoaPods installation.\" >&2\n    exit 1\nfi\n# This output is used by Xcode 'outputs' to avoid re-running this script phase.\necho \"SUCCESS\" > \"${SCRIPT_OUTPUT_FILE_0}\"\n";
			showEnvVarsInLog = 0;
		};
/* End PBXShellScriptBuildPhase section */

/* Begin PBXSourcesBuildPhase section */
		841DAB4F2846056C00F33F94 /* Sources */ = {
			isa = PBXSourcesBuildPhase;
			buildActionMask = 2147483647;
			files = (
				841DAB5B2846056C00F33F94 /* ViewController.swift in Sources */,
				841DAB572846056C00F33F94 /* AppDelegate.swift in Sources */,
				841DAB592846056C00F33F94 /* SceneDelegate.swift in Sources */,
			);
			runOnlyForDeploymentPostprocessing = 0;
		};
/* End PBXSourcesBuildPhase section */

/* Begin PBXVariantGroup section */
		841DAB5C2846056C00F33F94 /* Main.storyboard */ = {
			isa = PBXVariantGroup;
			children = (
				841DAB5D2846056C00F33F94 /* Base */,
			);
			name = Main.storyboard;
			sourceTree = "<group>";
		};
		841DAB612846056D00F33F94 /* LaunchScreen.storyboard */ = {
			isa = PBXVariantGroup;
			children = (
				841DAB622846056D00F33F94 /* Base */,
			);
			name = LaunchScreen.storyboard;
			sourceTree = "<group>";
		};
/* End PBXVariantGroup section */

/* Begin XCBuildConfiguration section */
		841DAB652846056D00F33F94 /* Debug */ = {
			isa = XCBuildConfiguration;
			buildSettings = {
				ALWAYS_SEARCH_USER_PATHS = NO;
				CLANG_ANALYZER_NONNULL = YES;
				CLANG_ANALYZER_NUMBER_OBJECT_CONVERSION = YES_AGGRESSIVE;
				CLANG_CXX_LANGUAGE_STANDARD = "gnu++17";
				CLANG_ENABLE_MODULES = YES;
				CLANG_ENABLE_OBJC_ARC = YES;
				CLANG_ENABLE_OBJC_WEAK = YES;
				CLANG_WARN_BLOCK_CAPTURE_AUTORELEASING = YES;
				CLANG_WARN_BOOL_CONVERSION = YES;
				CLANG_WARN_COMMA = YES;
				CLANG_WARN_CONSTANT_CONVERSION = YES;
				CLANG_WARN_DEPRECATED_OBJC_IMPLEMENTATIONS = YES;
				CLANG_WARN_DIRECT_OBJC_ISA_USAGE = YES_ERROR;
				CLANG_WARN_DOCUMENTATION_COMMENTS = YES;
				CLANG_WARN_EMPTY_BODY = YES;
				CLANG_WARN_ENUM_CONVERSION = YES;
				CLANG_WARN_INFINITE_RECURSION = YES;
				CLANG_WARN_INT_CONVERSION = YES;
				CLANG_WARN_NON_LITERAL_NULL_CONVERSION = YES;
				CLANG_WARN_OBJC_IMPLICIT_RETAIN_SELF = YES;
				CLANG_WARN_OBJC_LITERAL_CONVERSION = YES;
				CLANG_WARN_OBJC_ROOT_CLASS = YES_ERROR;
				CLANG_WARN_QUOTED_INCLUDE_IN_FRAMEWORK_HEADER = YES;
				CLANG_WARN_RANGE_LOOP_ANALYSIS = YES;
				CLANG_WARN_STRICT_PROTOTYPES = YES;
				CLANG_WARN_SUSPICIOUS_MOVE = YES;
				CLANG_WARN_UNGUARDED_AVAILABILITY = YES_AGGRESSIVE;
				CLANG_WARN_UNREACHABLE_CODE = YES;
				CLANG_WARN__DUPLICATE_METHOD_MATCH = YES;
				COPY_PHASE_STRIP = NO;
				DEBUG_INFORMATION_FORMAT = dwarf;
				ENABLE_STRICT_OBJC_MSGSEND = YES;
				ENABLE_TESTABILITY = YES;
				GCC_C_LANGUAGE_STANDARD = gnu11;
				GCC_DYNAMIC_NO_PIC = NO;
				GCC_NO_COMMON_BLOCKS = YES;
				GCC_OPTIMIZATION_LEVEL = 0;
				GCC_PREPROCESSOR_DEFINITIONS = (
					"DEBUG=1",
					"$(inherited)",
				);
				GCC_WARN_64_TO_32_BIT_CONVERSION = YES;
				GCC_WARN_ABOUT_RETURN_TYPE = YES_ERROR;
				GCC_WARN_UNDECLARED_SELECTOR = YES;
				GCC_WARN_UNINITIALIZED_AUTOS = YES_AGGRESSIVE;
				GCC_WARN_UNUSED_FUNCTION = YES;
				GCC_WARN_UNUSED_VARIABLE = YES;
				IPHONEOS_DEPLOYMENT_TARGET = 15.5;
				MTL_ENABLE_DEBUG_INFO = INCLUDE_SOURCE;
				MTL_FAST_MATH = YES;
				ONLY_ACTIVE_ARCH = YES;
				SDKROOT = iphoneos;
				SWIFT_ACTIVE_COMPILATION_CONDITIONS = DEBUG;
				SWIFT_OPTIMIZATION_LEVEL = "-Onone";
			};
			name = Debug;
		};
		841DAB662846056D00F33F94 /* Release */ = {
			isa = XCBuildConfiguration;
			buildSettings = {
				ALWAYS_SEARCH_USER_PATHS = NO;
				CLANG_ANALYZER_NONNULL = YES;
				CLANG_ANALYZER_NUMBER_OBJECT_CONVERSION = YES_AGGRESSIVE;
				CLANG_CXX_LANGUAGE_STANDARD = "gnu++17";
				CLANG_ENABLE_MODULES = YES;
				CLANG_ENABLE_OBJC_ARC = YES;
				CLANG_ENABLE_OBJC_WEAK = YES;
				CLANG_WARN_BLOCK_CAPTURE_AUTORELEASING = YES;
				CLANG_WARN_BOOL_CONVERSION = YES;
				CLANG_WARN_COMMA = YES;
				CLANG_WARN_CONSTANT_CONVERSION = YES;
				CLANG_WARN_DEPRECATED_OBJC_IMPLEMENTATIONS = YES;
				CLANG_WARN_DIRECT_OBJC_ISA_USAGE = YES_ERROR;
				CLANG_WARN_DOCUMENTATION_COMMENTS = YES;
				CLANG_WARN_EMPTY_BODY = YES;
				CLANG_WARN_ENUM_CONVERSION = YES;
				CLANG_WARN_INFINITE_RECURSION = YES;
				CLANG_WARN_INT_CONVERSION = YES;
				CLANG_WARN_NON_LITERAL_NULL_CONVERSION = YES;
				CLANG_WARN_OBJC_IMPLICIT_RETAIN_SELF = YES;
				CLANG_WARN_OBJC_LITERAL_CONVERSION = YES;
				CLANG_WARN_OBJC_ROOT_CLASS = YES_ERROR;
				CLANG_WARN_QUOTED_INCLUDE_IN_FRAMEWORK_HEADER = YES;
				CLANG_WARN_RANGE_LOOP_ANALYSIS = YES;
				CLANG_WARN_STRICT_PROTOTYPES = YES;
				CLANG_WARN_SUSPICIOUS_MOVE = YES;
				CLANG_WARN_UNGUARDED_AVAILABILITY = YES_AGGRESSIVE;
				CLANG_WARN_UNREACHABLE_CODE = YES;
				CLANG_WARN__DUPLICATE_METHOD_MATCH = YES;
				COPY_PHASE_STRIP = NO;
				DEBUG_INFORMATION_FORMAT = "dwarf-with-dsym";
				ENABLE_NS_ASSERTIONS = NO;
				ENABLE_STRICT_OBJC_MSGSEND = YES;
				GCC_C_LANGUAGE_STANDARD = gnu11;
				GCC_NO_COMMON_BLOCKS = YES;
				GCC_WARN_64_TO_32_BIT_CONVERSION = YES;
				GCC_WARN_ABOUT_RETURN_TYPE = YES_ERROR;
				GCC_WARN_UNDECLARED_SELECTOR = YES;
				GCC_WARN_UNINITIALIZED_AUTOS = YES_AGGRESSIVE;
				GCC_WARN_UNUSED_FUNCTION = YES;
				GCC_WARN_UNUSED_VARIABLE = YES;
				IPHONEOS_DEPLOYMENT_TARGET = 15.5;
				MTL_ENABLE_DEBUG_INFO = NO;
				MTL_FAST_MATH = YES;
				SDKROOT = iphoneos;
				SWIFT_COMPILATION_MODE = wholemodule;
				SWIFT_OPTIMIZATION_LEVEL = "-O";
				VALIDATE_PRODUCT = YES;
			};
			name = Release;
		};
		841DAB682846056D00F33F94 /* Debug */ = {
			isa = XCBuildConfiguration;
			baseConfigurationReference = C9490D1B26795EDDACD25961 /* Pods-Week3.debug.xcconfig */;
			buildSettings = {
				ASSETCATALOG_COMPILER_APPICON_NAME = AppIcon;
				ASSETCATALOG_COMPILER_GLOBAL_ACCENT_COLOR_NAME = AccentColor;
				CODE_SIGN_STYLE = Automatic;
				CURRENT_PROJECT_VERSION = 1;
				DEVELOPMENT_TEAM = 6NXQDZ68FD;
				GENERATE_INFOPLIST_FILE = YES;
				INFOPLIST_FILE = Week3/Info.plist;
				INFOPLIST_KEY_UIApplicationSupportsIndirectInputEvents = YES;
				INFOPLIST_KEY_UILaunchStoryboardName = LaunchScreen;
				INFOPLIST_KEY_UIMainStoryboardFile = Main;
				INFOPLIST_KEY_UISupportedInterfaceOrientations_iPad = "UIInterfaceOrientationPortrait UIInterfaceOrientationPortraitUpsideDown UIInterfaceOrientationLandscapeLeft UIInterfaceOrientationLandscapeRight";
				INFOPLIST_KEY_UISupportedInterfaceOrientations_iPhone = "UIInterfaceOrientationPortrait UIInterfaceOrientationLandscapeLeft UIInterfaceOrientationLandscapeRight";
				LD_RUNPATH_SEARCH_PATHS = (
					"$(inherited)",
					"@executable_path/Frameworks",
				);
				MARKETING_VERSION = 1.0;
				PRODUCT_BUNDLE_IDENTIFIER = kr.co.yongin.Week3;
				PRODUCT_NAME = "$(TARGET_NAME)";
				SWIFT_EMIT_LOC_STRINGS = YES;
				SWIFT_VERSION = 5.0;
				TARGETED_DEVICE_FAMILY = "1,2";
			};
			name = Debug;
		};
		841DAB692846056D00F33F94 /* Release */ = {
			isa = XCBuildConfiguration;
			baseConfigurationReference = 9E66ED13DCDCAE9EB7C86E58 /* Pods-Week3.release.xcconfig */;
			buildSettings = {
				ASSETCATALOG_COMPILER_APPICON_NAME = AppIcon;
				ASSETCATALOG_COMPILER_GLOBAL_ACCENT_COLOR_NAME = AccentColor;
				CODE_SIGN_STYLE = Automatic;
				CURRENT_PROJECT_VERSION = 1;
				DEVELOPMENT_TEAM = 6NXQDZ68FD;
				GENERATE_INFOPLIST_FILE = YES;
				INFOPLIST_FILE = Week3/Info.plist;
				INFOPLIST_KEY_UIApplicationSupportsIndirectInputEvents = YES;
				INFOPLIST_KEY_UILaunchStoryboardName = LaunchScreen;
				INFOPLIST_KEY_UIMainStoryboardFile = Main;
				INFOPLIST_KEY_UISupportedInterfaceOrientations_iPad = "UIInterfaceOrientationPortrait UIInterfaceOrientationPortraitUpsideDown UIInterfaceOrientationLandscapeLeft UIInterfaceOrientationLandscapeRight";
				INFOPLIST_KEY_UISupportedInterfaceOrientations_iPhone = "UIInterfaceOrientationPortrait UIInterfaceOrientationLandscapeLeft UIInterfaceOrientationLandscapeRight";
				LD_RUNPATH_SEARCH_PATHS = (
					"$(inherited)",
					"@executable_path/Frameworks",
				);
				MARKETING_VERSION = 1.0;
				PRODUCT_BUNDLE_IDENTIFIER = kr.co.yongin.Week3;
				PRODUCT_NAME = "$(TARGET_NAME)";
				SWIFT_EMIT_LOC_STRINGS = YES;
				SWIFT_VERSION = 5.0;
				TARGETED_DEVICE_FAMILY = "1,2";
			};
			name = Release;
		};
/* End XCBuildConfiguration section */

/* Begin XCConfigurationList section */
		841DAB4E2846056B00F33F94 /* Build configuration list for PBXProject "Week3" */ = {
			isa = XCConfigurationList;
			buildConfigurations = (
				841DAB652846056D00F33F94 /* Debug */,
				841DAB662846056D00F33F94 /* Release */,
			);
			defaultConfigurationIsVisible = 0;
			defaultConfigurationName = Release;
		};
		841DAB672846056D00F33F94 /* Build configuration list for PBXNativeTarget "Week3" */ = {
			isa = XCConfigurationList;
			buildConfigurations = (
				841DAB682846056D00F33F94 /* Debug */,
				841DAB692846056D00F33F94 /* Release */,
			);
			defaultConfigurationIsVisible = 0;
			defaultConfigurationName = Release;
		};
/* End XCConfigurationList section */
	};
	rootObject = 841DAB4B2846056B00F33F94 /* Project object */;
}
